
Microsoft Visual Studio Solution File, Format Version 12.00
# Visual Studio Version 16
VisualStudioVersion = 16.0.29806.167
MinimumVisualStudioVersion = 10.0.40219.1
Project("{9A19103F-16F7-4668-BE54-9A1E7A4F7556}") = "MarkoStudio.Twist", "MarkoStudio.Twist\MarkoStudio.Twist.csproj", "{D592934A-BD48-4DE4-B535-65C8559267F2}"
EndProject
Project("{9A19103F-16F7-4668-BE54-9A1E7A4F7556}") = "MarkoStudio.Twist.TwitterClient", "MarkoStudio.Twist.TwitterClient\MarkoStudio.Twist.TwitterClient.csproj", "{601858BE-669B-419B-AD9C-B1A614A802B3}"
EndProject
Project("{9A19103F-16F7-4668-BE54-9A1E7A4F7556}") = "MarkoStudio.Twist.Common", "MarkoStudio.Twist.Common\MarkoStudio.Twist.Common.csproj", "{6F3A8447-141F-4263-B3B5-89F469810E19}"
EndProject
Project("{FAE04EC0-301F-11D3-BF4B-00C04F79EFBC}") = "MarkoStudio.Twist.SentimentAnalysis", "MarkoStudio.Twist.SentimentAnalysis\MarkoStudio.Twist.SentimentAnalysis.csproj", "{1CCD7517-81ED-4691-ABAA-F5F71834FA19}"
EndProject
Project("{FAE04EC0-301F-11D3-BF4B-00C04F79EFBC}") = "MarkoStudio.Twist.Generalization", "MarkoStudio.Twist.Generalization\MarkoStudio.Twist.Generalization.csproj", "{82D21AA2-0454-4E31-9A7B-F83DFFD43F11}"
EndProject
Global
	GlobalSection(SolutionConfigurationPlatforms) = preSolution
		Debug|Any CPU = Debug|Any CPU
		Release|Any CPU = Release|Any CPU
	EndGlobalSection
	GlobalSection(ProjectConfigurationPlatforms) = postSolution
		{D592934A-BD48-4DE4-B535-65C8559267F2}.Debug|Any CPU.ActiveCfg = Debug|Any CPU
		{D592934A-BD48-4DE4-B535-65C8559267F2}.Debug|Any CPU.Build.0 = Debug|Any CPU
		{D592934A-BD48-4DE4-B535-65C8559267F2}.Release|Any CPU.ActiveCfg = Release|Any CPU
		{D592934A-BD48-4DE4-B535-65C8559267F2}.Release|Any CPU.Build.0 = Release|Any CPU
		{601858BE-669B-419B-AD9C-B1A614A802B3}.Debug|Any CPU.ActiveCfg = Debug|Any CPU
		{601858BE-669B-419B-AD9C-B1A614A802B3}.Debug|Any CPU.Build.0 = Debug|Any CPU
		{601858BE-669B-419B-AD9C-B1A614A802B3}.Release|Any CPU.ActiveCfg = Release|Any CPU
		{601858BE-669B-419B-AD9C-B1A614A802B3}.Release|Any CPU.Build.0 = Release|Any CPU
		{6F3A8447-141F-4263-B3B5-89F469810E19}.Debug|Any CPU.ActiveCfg = Debug|Any CPU
		{6F3A8447-141F-4263-B3B5-89F469810E19}.Debug|Any CPU.Build.0 = Debug|Any CPU
		{6F3A8447-141F-4263-B3B5-89F469810E19}.Release|Any CPU.ActiveCfg = Release|Any CPU
		{6F3A8447-141F-4263-B3B5-89F469810E19}.Release|Any CPU.Build.0 = Release|Any CPU
		{1CCD7517-81ED-4691-ABAA-F5F71834FA19}.Debug|Any CPU.ActiveCfg = Debug|Any CPU
		{1CCD7517-81ED-4691-ABAA-F5F71834FA19}.Debug|Any CPU.Build.0 = Debug|Any CPU
		{1CCD7517-81ED-4691-ABAA-F5F71834FA19}.Release|Any CPU.ActiveCfg = Release|Any CPU
		{1CCD7517-81ED-4691-ABAA-F5F71834FA19}.Release|Any CPU.Build.0 = Release|Any CPU
		{82D21AA2-0454-4E31-9A7B-F83DFFD43F11}.Debug|Any CPU.ActiveCfg = Debug|Any CPU
		{82D21AA2-0454-4E31-9A7B-F83DFFD43F11}.Debug|Any CPU.Build.0 = Debug|Any CPU
		{82D21AA2-0454-4E31-9A7B-F83DFFD43F11}.Release|Any CPU.ActiveCfg = Release|Any CPU
		{82D21AA2-0454-4E31-9A7B-F83DFFD43F11}.Release|Any CPU.Build.0 = Release|Any CPU
	EndGlobalSection
	GlobalSection(SolutionProperties) = preSolution
		HideSolutionNode = FALSE
	EndGlobalSection
	GlobalSection(ExtensibilityGlobals) = postSolution
		SolutionGuid = {E99116E2-4DFA-4A30-B103-91B5F84389BE}
	EndGlobalSection
EndGlobal
